
Microsoft Visual Studio Solution File, Format Version 12.00
# Visual Studio 15
VisualStudioVersion = 15.0.27130.2003
MinimumVisualStudioVersion = 10.0.40219.1
Project("{FAE04EC0-301F-11D3-BF4B-00C04F79EFBC}") = "NumberToText", "NumberToText\NumberToText.csproj", "{155733E5-1F28-447A-B386-0EAAA3C5BC1D}"
EndProject
Global
	GlobalSection(SolutionConfigurationPlatforms) = preSolution
		Debug|Any CPU = Debug|Any CPU
		Release|Any CPU = Release|Any CPU
	EndGlobalSection
	GlobalSection(ProjectConfigurationPlatforms) = postSolution
		{155733E5-1F28-447A-B386-0EAAA3C5BC1D}.Debug|Any CPU.ActiveCfg = Debug|Any CPU
		{155733E5-1F28-447A-B386-0EAAA3C5BC1D}.Debug|Any CPU.Build.0 = Debug|Any CPU
		{155733E5-1F28-447A-B386-0EAAA3C5BC1D}.Release|Any CPU.ActiveCfg = Release|Any CPU
		{155733E5-1F28-447A-B386-0EAAA3C5BC1D}.Release|Any CPU.Build.0 = Release|Any CPU
	EndGlobalSection
	GlobalSection(SolutionProperties) = preSolution
		HideSolutionNode = FALSE
	EndGlobalSection
	GlobalSection(ExtensibilityGlobals) = postSolution
		SolutionGuid = {A57ECA00-311F-404F-95F7-031A92D2CF4B}
	EndGlobalSection
EndGlobal
